
Microsoft Visual Studio Solution File, Format Version 12.00
# Visual Studio 15
VisualStudioVersion = 15.0.26430.16
MinimumVisualStudioVersion = 10.0.40219.1
Project("{2150E333-8FDC-42A3-9474-1A3956D46DE8}") = "Solution Items", "Solution Items", "{42F21B27-CBA5-4FB6-A855-8B74F05F56CD}"
	ProjectSection(SolutionItems) = preProject
		appveyor.yml = appveyor.yml
		CodeAnalysisDictionary.xml = CodeAnalysisDictionary.xml
		CommonAssemblyInfo.cs = CommonAssemblyInfo.cs
		LocalTestRun.testrunconfig = LocalTestRun.testrunconfig
		README.md = README.md
		Settings.StyleCop = Settings.StyleCop
		T4Toolbox.Common.props = T4Toolbox.Common.props
		T4Toolbox.Common.ruleset = T4Toolbox.Common.ruleset
	EndProjectSection
EndProject
Project("{2150E333-8FDC-42A3-9474-1A3956D46DE8}") = "src", "src", "{3594248C-C8A9-4EAB-8E63-0914300D4ECE}"
EndProject
Project("{2150E333-8FDC-42A3-9474-1A3956D46DE8}") = "build", "build", "{0658B25D-9363-4E23-99F9-0A371A5AB636}"
	ProjectSection(SolutionItems) = preProject
		build\Module.psm1 = build\Module.psm1
		build\Module.tests.ps1 = build\Module.tests.ps1
	EndProjectSection
	ProjectSection(FolderStartupServices) = postProject
		{82A7F48D-3B50-4B1E-B82E-3ADA8210C358} = {82A7F48D-3B50-4B1E-B82E-3ADA8210C358}
	EndProjectSection
EndProject
Project("{FAE04EC0-301F-11D3-BF4B-00C04F79EFBC}") = "T4Toolbox", "src\T4Toolbox\T4Toolbox.csproj", "{682E771A-76F7-4972-BBDC-1250B67F399B}"
EndProject
Project("{FAE04EC0-301F-11D3-BF4B-00C04F79EFBC}") = "T4Toolbox.DirectiveProcessors", "src\T4Toolbox.DirectiveProcessors\T4Toolbox.DirectiveProcessors.csproj", "{E0282961-2D83-48CC-B4D4-8257449CF8F7}"
EndProject
Project("{FAE04EC0-301F-11D3-BF4B-00C04F79EFBC}") = "T4Toolbox.VisualStudio", "src\T4Toolbox.VisualStudio\T4Toolbox.VisualStudio.csproj", "{1E1E9161-CBE4-4538-928C-539AA5E70153}"
EndProject
Project("{FAE04EC0-301F-11D3-BF4B-00C04F79EFBC}") = "T4Toolbox.VSTextTemplating", "src\T4Toolbox.VSTextTemplating\T4Toolbox.VSTextTemplating.csproj", "{34BEB6FA-4527-418B-ACF8-C80BD4F3AB9B}"
EndProject
Project("{FAE04EC0-301F-11D3-BF4B-00C04F79EFBC}") = "T4Toolbox.EnvDteLites", "src\T4Toolbox.EnvDteLites\T4Toolbox.EnvDteLites.csproj", "{6380B489-59ED-4FB3-89EC-10B2DF5774BA}"
EndProject
Global
	GlobalSection(SolutionConfigurationPlatforms) = preSolution
		Debug|Any CPU = Debug|Any CPU
		Release|Any CPU = Release|Any CPU
	EndGlobalSection
	GlobalSection(ProjectConfigurationPlatforms) = postSolution
		{682E771A-76F7-4972-BBDC-1250B67F399B}.Debug|Any CPU.ActiveCfg = Debug|Any CPU
		{682E771A-76F7-4972-BBDC-1250B67F399B}.Debug|Any CPU.Build.0 = Debug|Any CPU
		{682E771A-76F7-4972-BBDC-1250B67F399B}.Release|Any CPU.ActiveCfg = Release|Any CPU
		{682E771A-76F7-4972-BBDC-1250B67F399B}.Release|Any CPU.Build.0 = Release|Any CPU
		{E0282961-2D83-48CC-B4D4-8257449CF8F7}.Debug|Any CPU.ActiveCfg = Debug|Any CPU
		{E0282961-2D83-48CC-B4D4-8257449CF8F7}.Debug|Any CPU.Build.0 = Debug|Any CPU
		{E0282961-2D83-48CC-B4D4-8257449CF8F7}.Release|Any CPU.ActiveCfg = Release|Any CPU
		{E0282961-2D83-48CC-B4D4-8257449CF8F7}.Release|Any CPU.Build.0 = Release|Any CPU
		{1E1E9161-CBE4-4538-928C-539AA5E70153}.Debug|Any CPU.ActiveCfg = Debug|Any CPU
		{1E1E9161-CBE4-4538-928C-539AA5E70153}.Debug|Any CPU.Build.0 = Debug|Any CPU
		{1E1E9161-CBE4-4538-928C-539AA5E70153}.Release|Any CPU.ActiveCfg = Release|Any CPU
		{1E1E9161-CBE4-4538-928C-539AA5E70153}.Release|Any CPU.Build.0 = Release|Any CPU
		{34BEB6FA-4527-418B-ACF8-C80BD4F3AB9B}.Debug|Any CPU.ActiveCfg = Debug|Any CPU
		{34BEB6FA-4527-418B-ACF8-C80BD4F3AB9B}.Debug|Any CPU.Build.0 = Debug|Any CPU
		{34BEB6FA-4527-418B-ACF8-C80BD4F3AB9B}.Release|Any CPU.ActiveCfg = Release|Any CPU
		{34BEB6FA-4527-418B-ACF8-C80BD4F3AB9B}.Release|Any CPU.Build.0 = Release|Any CPU
		{6380B489-59ED-4FB3-89EC-10B2DF5774BA}.Debug|Any CPU.ActiveCfg = Debug|Any CPU
		{6380B489-59ED-4FB3-89EC-10B2DF5774BA}.Debug|Any CPU.Build.0 = Debug|Any CPU
		{6380B489-59ED-4FB3-89EC-10B2DF5774BA}.Release|Any CPU.ActiveCfg = Release|Any CPU
		{6380B489-59ED-4FB3-89EC-10B2DF5774BA}.Release|Any CPU.Build.0 = Release|Any CPU
	EndGlobalSection
	GlobalSection(SolutionProperties) = preSolution
		HideSolutionNode = FALSE
	EndGlobalSection
	GlobalSection(NestedProjects) = preSolution
		{682E771A-76F7-4972-BBDC-1250B67F399B} = {3594248C-C8A9-4EAB-8E63-0914300D4ECE}
		{E0282961-2D83-48CC-B4D4-8257449CF8F7} = {3594248C-C8A9-4EAB-8E63-0914300D4ECE}
		{1E1E9161-CBE4-4538-928C-539AA5E70153} = {3594248C-C8A9-4EAB-8E63-0914300D4ECE}
		{34BEB6FA-4527-418B-ACF8-C80BD4F3AB9B} = {3594248C-C8A9-4EAB-8E63-0914300D4ECE}
		{6380B489-59ED-4FB3-89EC-10B2DF5774BA} = {3594248C-C8A9-4EAB-8E63-0914300D4ECE}
	EndGlobalSection
EndGlobal
